// !$*UTF8*$!
{
	archiveVersion = 1;
	classes = {
	};
	objectVersion = 50;
	objects = {

/* Begin PBXBuildFile section */
		300F4BDA23CD1F0700C3FD71 /* DetailViewController.swift in Sources */ = {isa = PBXBuildFile; fileRef = 300F4BD923CD1F0700C3FD71 /* DetailViewController.swift */; };
		3048B37D23C6706D002FA29B /* ChooseViewController.swift in Sources */ = {isa = PBXBuildFile; fileRef = 3048B37C23C6706D002FA29B /* ChooseViewController.swift */; };
		3048B37F23C7BCE4002FA29B /* WinViewController.swift in Sources */ = {isa = PBXBuildFile; fileRef = 3048B37E23C7BCE4002FA29B /* WinViewController.swift */; };
		304D6B7F23CBC6E3000EF001 /* Question.swift in Sources */ = {isa = PBXBuildFile; fileRef = 304D6B7E23CBC6E3000EF001 /* Question.swift */; };
		304D6B8123CBC711000EF001 /* GameStatus.swift in Sources */ = {isa = PBXBuildFile; fileRef = 304D6B8023CBC711000EF001 /* GameStatus.swift */; };
		304D6B8323CBC869000EF001 /* Archive Logic.swift in Sources */ = {isa = PBXBuildFile; fileRef = 304D6B8223CBC869000EF001 /* Archive Logic.swift */; };
		3084FEB623BF63B000DB1D9C /* AppDelegate.swift in Sources */ = {isa = PBXBuildFile; fileRef = 3084FEB523BF63B000DB1D9C /* AppDelegate.swift */; };
		3084FEB823BF63B000DB1D9C /* SceneDelegate.swift in Sources */ = {isa = PBXBuildFile; fileRef = 3084FEB723BF63B000DB1D9C /* SceneDelegate.swift */; };
		3084FEBD23BF63B000DB1D9C /* Main.storyboard in Resources */ = {isa = PBXBuildFile; fileRef = 3084FEBB23BF63B000DB1D9C /* Main.storyboard */; };
		3084FEBF23BF63B300DB1D9C /* Assets.xcassets in Resources */ = {isa = PBXBuildFile; fileRef = 3084FEBE23BF63B300DB1D9C /* Assets.xcassets */; };
		3084FEC223BF63B300DB1D9C /* LaunchScreen.storyboard in Resources */ = {isa = PBXBuildFile; fileRef = 3084FEC023BF63B300DB1D9C /* LaunchScreen.storyboard */; };
		30A5CBD823C8671D0095213A /* GameArchiveTableViewController.swift in Sources */ = {isa = PBXBuildFile; fileRef = 30A5CBD723C8671D0095213A /* GameArchiveTableViewController.swift */; };
		30A5CBDC23C8D4080095213A /* ArchiveTableViewCell.swift in Sources */ = {isa = PBXBuildFile; fileRef = 30A5CBDB23C8D4080095213A /* ArchiveTableViewCell.swift */; };
		30AAD58023BF76E6008DB4BE /* Game Logic.swift in Sources */ = {isa = PBXBuildFile; fileRef = 30AAD57F23BF76E6008DB4BE /* Game Logic.swift */; };
		30AAD58223BF799C008DB4BE /* questions.plist in Resources */ = {isa = PBXBuildFile; fileRef = 30AAD58123BF799C008DB4BE /* questions.plist */; };
		30AAD58623BFD863008DB4BE /* MainViewController.swift in Sources */ = {isa = PBXBuildFile; fileRef = 30AAD58523BFD863008DB4BE /* MainViewController.swift */; };
		30F8B3AE23C62A0300A53ACB /* QuestionViewController.swift in Sources */ = {isa = PBXBuildFile; fileRef = 30F8B3AD23C62A0300A53ACB /* QuestionViewController.swift */; };
/* End PBXBuildFile section */

/* Begin PBXFileReference section */
		300F4BD923CD1F0700C3FD71 /* DetailViewController.swift */ = {isa = PBXFileReference; lastKnownFileType = sourcecode.swift; path = DetailViewController.swift; sourceTree = "<group>"; };
		3048B37C23C6706D002FA29B /* ChooseViewController.swift */ = {isa = PBXFileReference; lastKnownFileType = sourcecode.swift; path = ChooseViewController.swift; sourceTree = "<group>"; };
		3048B37E23C7BCE4002FA29B /* WinViewController.swift */ = {isa = PBXFileReference; lastKnownFileType = sourcecode.swift; path = WinViewController.swift; sourceTree = "<group>"; };
		304D6B7E23CBC6E3000EF001 /* Question.swift */ = {isa = PBXFileReference; lastKnownFileType = sourcecode.swift; path = Question.swift; sourceTree = "<group>"; };
		304D6B8023CBC711000EF001 /* GameStatus.swift */ = {isa = PBXFileReference; lastKnownFileType = sourcecode.swift; path = GameStatus.swift; sourceTree = "<group>"; };
		304D6B8223CBC869000EF001 /* Archive Logic.swift */ = {isa = PBXFileReference; lastKnownFileType = sourcecode.swift; path = "Archive Logic.swift"; sourceTree = "<group>"; };
		3084FEB223BF63B000DB1D9C /* HW 23 Roman Topchii  iOS 19-2 Who wants to be a millionaire.app */ = {isa = PBXFileReference; explicitFileType = wrapper.application; includeInIndex = 0; path = "HW 23 Roman Topchii  iOS 19-2 Who wants to be a millionaire.app"; sourceTree = BUILT_PRODUCTS_DIR; };
		3084FEB523BF63B000DB1D9C /* AppDelegate.swift */ = {isa = PBXFileReference; lastKnownFileType = sourcecode.swift; path = AppDelegate.swift; sourceTree = "<group>"; };
		3084FEB723BF63B000DB1D9C /* SceneDelegate.swift */ = {isa = PBXFileReference; lastKnownFileType = sourcecode.swift; path = SceneDelegate.swift; sourceTree = "<group>"; };
		3084FEBC23BF63B000DB1D9C /* Base */ = {isa = PBXFileReference; lastKnownFileType = file.storyboard; name = Base; path = Base.lproj/Main.storyboard; sourceTree = "<group>"; };
		3084FEBE23BF63B300DB1D9C /* Assets.xcassets */ = {isa = PBXFileReference; lastKnownFileType = folder.assetcatalog; path = Assets.xcassets; sourceTree = "<group>"; };
		3084FEC123BF63B300DB1D9C /* Base */ = {isa = PBXFileReference; lastKnownFileType = file.storyboard; name = Base; path = Base.lproj/LaunchScreen.storyboard; sourceTree = "<group>"; };
		3084FEC323BF63B300DB1D9C /* Info.plist */ = {isa = PBXFileReference; lastKnownFileType = text.plist.xml; path = Info.plist; sourceTree = "<group>"; };
		30A5CBD723C8671D0095213A /* GameArchiveTableViewController.swift */ = {isa = PBXFileReference; lastKnownFileType = sourcecode.swift; path = GameArchiveTableViewController.swift; sourceTree = "<group>"; };
		30A5CBDB23C8D4080095213A /* ArchiveTableViewCell.swift */ = {isa = PBXFileReference; lastKnownFileType = sourcecode.swift; path = ArchiveTableViewCell.swift; sourceTree = "<group>"; };
		30AAD57F23BF76E6008DB4BE /* Game Logic.swift */ = {isa = PBXFileReference; lastKnownFileType = sourcecode.swift; path = "Game Logic.swift"; sourceTree = "<group>"; };
		30AAD58123BF799C008DB4BE /* questions.plist */ = {isa = PBXFileReference; lastKnownFileType = text.plist.xml; path = questions.plist; sourceTree = "<group>"; };
		30AAD58523BFD863008DB4BE /* MainViewController.swift */ = {isa = PBXFileReference; lastKnownFileType = sourcecode.swift; path = MainViewController.swift; sourceTree = "<group>"; };
		30F8B3AD23C62A0300A53ACB /* QuestionViewController.swift */ = {isa = PBXFileReference; lastKnownFileType = sourcecode.swift; path = QuestionViewController.swift; sourceTree = "<group>"; };
/* End PBXFileReference section */

/* Begin PBXFrameworksBuildPhase section */
		3084FEAF23BF63B000DB1D9C /* Frameworks */ = {
			isa = PBXFrameworksBuildPhase;
			buildActionMask = 2147483647;
			files = (
			);
			runOnlyForDeploymentPostprocessing = 0;
		};
/* End PBXFrameworksBuildPhase section */

/* Begin PBXGroup section */
		302C504523CB6069001631E8 /* Model */ = {
			isa = PBXGroup;
			children = (
				304D6B7E23CBC6E3000EF001 /* Question.swift */,
				30AAD57F23BF76E6008DB4BE /* Game Logic.swift */,
				304D6B8223CBC869000EF001 /* Archive Logic.swift */,
				304D6B8023CBC711000EF001 /* GameStatus.swift */,
			);
			path = Model;
			sourceTree = "<group>";
		};
		302C504623CB60DD001631E8 /* View Comtrollers */ = {
			isa = PBXGroup;
			children = (
				30AAD58523BFD863008DB4BE /* MainViewController.swift */,
				30F8B3AD23C62A0300A53ACB /* QuestionViewController.swift */,
				3048B37C23C6706D002FA29B /* ChooseViewController.swift */,
				3048B37E23C7BCE4002FA29B /* WinViewController.swift */,
				30A5CBD723C8671D0095213A /* GameArchiveTableViewController.swift */,
				300F4BD923CD1F0700C3FD71 /* DetailViewController.swift */,
			);
			path = "View Comtrollers";
			sourceTree = "<group>";
		};
		302C504723CB6113001631E8 /* App */ = {
			isa = PBXGroup;
			children = (
				3084FEB523BF63B000DB1D9C /* AppDelegate.swift */,
				3084FEB723BF63B000DB1D9C /* SceneDelegate.swift */,
			);
			path = App;
			sourceTree = "<group>";
		};
		302C504823CB6136001631E8 /* Storyboards */ = {
			isa = PBXGroup;
			children = (
				3084FEBB23BF63B000DB1D9C /* Main.storyboard */,
				3084FEC023BF63B300DB1D9C /* LaunchScreen.storyboard */,
			);
			path = Storyboards;
			sourceTree = "<group>";
		};
		302C504923CB615C001631E8 /* Resources */ = {
			isa = PBXGroup;
			children = (
				3084FEBE23BF63B300DB1D9C /* Assets.xcassets */,
				30AAD58123BF799C008DB4BE /* questions.plist */,
			);
			path = Resources;
			sourceTree = "<group>";
		};
		302C504A23CB6221001631E8 /* Helpers */ = {
			isa = PBXGroup;
			children = (
				30A5CBDB23C8D4080095213A /* ArchiveTableViewCell.swift */,
			);
			path = Helpers;
			sourceTree = "<group>";
		};
		3084FEA923BF63B000DB1D9C = {
			isa = PBXGroup;
			children = (
				3084FEB423BF63B000DB1D9C /* HW 23 Roman Topchii  iOS 19-2 Who wants to be a millionaire */,
				3084FEC323BF63B300DB1D9C /* Info.plist */,
				3084FEB323BF63B000DB1D9C /* Products */,
			);
			sourceTree = "<group>";
		};
		3084FEB323BF63B000DB1D9C /* Products */ = {
			isa = PBXGroup;
			children = (
				3084FEB223BF63B000DB1D9C /* HW 23 Roman Topchii  iOS 19-2 Who wants to be a millionaire.app */,
			);
			name = Products;
			sourceTree = "<group>";
		};
		3084FEB423BF63B000DB1D9C /* HW 23 Roman Topchii  iOS 19-2 Who wants to be a millionaire */ = {
			isa = PBXGroup;
			children = (
				302C504523CB6069001631E8 /* Model */,
				302C504623CB60DD001631E8 /* View Comtrollers */,
				302C504A23CB6221001631E8 /* Helpers */,
				302C504823CB6136001631E8 /* Storyboards */,
				302C504923CB615C001631E8 /* Resources */,
				302C504723CB6113001631E8 /* App */,
			);
			path = "HW 23 Roman Topchii  iOS 19-2 Who wants to be a millionaire";
			sourceTree = "<group>";
		};
/* End PBXGroup section */

/* Begin PBXNativeTarget section */
		3084FEB123BF63B000DB1D9C /* HW 23 Roman Topchii  iOS 19-2 Who wants to be a millionaire */ = {
			isa = PBXNativeTarget;
			buildConfigurationList = 3084FEC623BF63B300DB1D9C /* Build configuration list for PBXNativeTarget "HW 23 Roman Topchii  iOS 19-2 Who wants to be a millionaire" */;
			buildPhases = (
				3084FEAE23BF63B000DB1D9C /* Sources */,
				3084FEAF23BF63B000DB1D9C /* Frameworks */,
				3084FEB023BF63B000DB1D9C /* Resources */,
			);
			buildRules = (
			);
			dependencies = (
			);
			name = "HW 23 Roman Topchii  iOS 19-2 Who wants to be a millionaire";
			productName = "HW 23 Roman Topchii  iOS 19-2 Who wants to be a millionaire";
			productReference = 3084FEB223BF63B000DB1D9C /* HW 23 Roman Topchii  iOS 19-2 Who wants to be a millionaire.app */;
			productType = "com.apple.product-type.application";
		};
/* End PBXNativeTarget section */

/* Begin PBXProject section */
		3084FEAA23BF63B000DB1D9C /* Project object */ = {
			isa = PBXProject;
			attributes = {
				LastSwiftUpdateCheck = 1110;
				LastUpgradeCheck = 1110;
				ORGANIZATIONNAME = "Roman Topchii";
				TargetAttributes = {
					3084FEB123BF63B000DB1D9C = {
						CreatedOnToolsVersion = 11.1;
					};
				};
			};
			buildConfigurationList = 3084FEAD23BF63B000DB1D9C /* Build configuration list for PBXProject "HW 23 Roman Topchii  iOS 19-2 Who wants to be a millionaire" */;
			compatibilityVersion = "Xcode 9.3";
			developmentRegion = en;
			hasScannedForEncodings = 0;
			knownRegions = (
				en,
				Base,
			);
			mainGroup = 3084FEA923BF63B000DB1D9C;
			productRefGroup = 3084FEB323BF63B000DB1D9C /* Products */;
			projectDirPath = "";
			projectRoot = "";
			targets = (
				3084FEB123BF63B000DB1D9C /* HW 23 Roman Topchii  iOS 19-2 Who wants to be a millionaire */,
			);
		};
/* End PBXProject section */

/* Begin PBXResourcesBuildPhase section */
		3084FEB023BF63B000DB1D9C /* Resources */ = {
			isa = PBXResourcesBuildPhase;
			buildActionMask = 2147483647;
			files = (
				30AAD58223BF799C008DB4BE /* questions.plist in Resources */,
				3084FEC223BF63B300DB1D9C /* LaunchScreen.storyboard in Resources */,
				3084FEBF23BF63B300DB1D9C /* Assets.xcassets in Resources */,
				3084FEBD23BF63B000DB1D9C /* Main.storyboard in Resources */,
			);
			runOnlyForDeploymentPostprocessing = 0;
		};
/* End PBXResourcesBuildPhase section */

/* Begin PBXSourcesBuildPhase section */
		3084FEAE23BF63B000DB1D9C /* Sources */ = {
			isa = PBXSourcesBuildPhase;
			buildActionMask = 2147483647;
			files = (
				300F4BDA23CD1F0700C3FD71 /* DetailViewController.swift in Sources */,
				3084FEB623BF63B000DB1D9C /* AppDelegate.swift in Sources */,
				30F8B3AE23C62A0300A53ACB /* QuestionViewController.swift in Sources */,
				30A5CBD823C8671D0095213A /* GameArchiveTableViewController.swift in Sources */,
				30A5CBDC23C8D4080095213A /* ArchiveTableViewCell.swift in Sources */,
				3084FEB823BF63B000DB1D9C /* SceneDelegate.swift in Sources */,
				304D6B7F23CBC6E3000EF001 /* Question.swift in Sources */,
				304D6B8323CBC869000EF001 /* Archive Logic.swift in Sources */,
				30AAD58023BF76E6008DB4BE /* Game Logic.swift in Sources */,
				304D6B8123CBC711000EF001 /* GameStatus.swift in Sources */,
				3048B37F23C7BCE4002FA29B /* WinViewController.swift in Sources */,
				30AAD58623BFD863008DB4BE /* MainViewController.swift in Sources */,
				3048B37D23C6706D002FA29B /* ChooseViewController.swift in Sources */,
			);
			runOnlyForDeploymentPostprocessing = 0;
		};
/* End PBXSourcesBuildPhase section */

/* Begin PBXVariantGroup section */
		3084FEBB23BF63B000DB1D9C /* Main.storyboard */ = {
			isa = PBXVariantGroup;
			children = (
				3084FEBC23BF63B000DB1D9C /* Base */,
			);
			name = Main.storyboard;
			sourceTree = "<group>";
		};
		3084FEC023BF63B300DB1D9C /* LaunchScreen.storyboard */ = {
			isa = PBXVariantGroup;
			children = (
				3084FEC123BF63B300DB1D9C /* Base */,
			);
			name = LaunchScreen.storyboard;
			sourceTree = "<group>";
		};
/* End PBXVariantGroup section */

/* Begin XCBuildConfiguration section */
		3084FEC423BF63B300DB1D9C /* Debug */ = {
			isa = XCBuildConfiguration;
			buildSettings = {
				ALWAYS_SEARCH_USER_PATHS = NO;
				CLANG_ANALYZER_NONNULL = YES;
				CLANG_ANALYZER_NUMBER_OBJECT_CONVERSION = YES_AGGRESSIVE;
				CLANG_CXX_LANGUAGE_STANDARD = "gnu++14";
				CLANG_CXX_LIBRARY = "libc++";
				CLANG_ENABLE_MODULES = YES;
				CLANG_ENABLE_OBJC_ARC = YES;
				CLANG_ENABLE_OBJC_WEAK = YES;
				CLANG_WARN_BLOCK_CAPTURE_AUTORELEASING = YES;
				CLANG_WARN_BOOL_CONVERSION = YES;
				CLANG_WARN_COMMA = YES;
				CLANG_WARN_CONSTANT_CONVERSION = YES;
				CLANG_WARN_DEPRECATED_OBJC_IMPLEMENTATIONS = YES;
				CLANG_WARN_DIRECT_OBJC_ISA_USAGE = YES_ERROR;
				CLANG_WARN_DOCUMENTATION_COMMENTS = YES;
				CLANG_WARN_EMPTY_BODY = YES;
				CLANG_WARN_ENUM_CONVERSION = YES;
				CLANG_WARN_INFINITE_RECURSION = YES;
				CLANG_WARN_INT_CONVERSION = YES;
				CLANG_WARN_NON_LITERAL_NULL_CONVERSION = YES;
				CLANG_WARN_OBJC_IMPLICIT_RETAIN_SELF = YES;
				CLANG_WARN_OBJC_LITERAL_CONVERSION = YES;
				CLANG_WARN_OBJC_ROOT_CLASS = YES_ERROR;
				CLANG_WARN_RANGE_LOOP_ANALYSIS = YES;
				CLANG_WARN_STRICT_PROTOTYPES = YES;
				CLANG_WARN_SUSPICIOUS_MOVE = YES;
				CLANG_WARN_UNGUARDED_AVAILABILITY = YES_AGGRESSIVE;
				CLANG_WARN_UNREACHABLE_CODE = YES;
				CLANG_WARN__DUPLICATE_METHOD_MATCH = YES;
				COPY_PHASE_STRIP = NO;
				DEBUG_INFORMATION_FORMAT = dwarf;
				ENABLE_STRICT_OBJC_MSGSEND = YES;
				ENABLE_TESTABILITY = YES;
				GCC_C_LANGUAGE_STANDARD = gnu11;
				GCC_DYNAMIC_NO_PIC = NO;
				GCC_NO_COMMON_BLOCKS = YES;
				GCC_OPTIMIZATION_LEVEL = 0;
				GCC_PREPROCESSOR_DEFINITIONS = (
					"DEBUG=1",
					"$(inherited)",
				);
				GCC_WARN_64_TO_32_BIT_CONVERSION = YES;
				GCC_WARN_ABOUT_RETURN_TYPE = YES_ERROR;
				GCC_WARN_UNDECLARED_SELECTOR = YES;
				GCC_WARN_UNINITIALIZED_AUTOS = YES_AGGRESSIVE;
				GCC_WARN_UNUSED_FUNCTION = YES;
				GCC_WARN_UNUSED_VARIABLE = YES;
				IPHONEOS_DEPLOYMENT_TARGET = 13.1;
				MTL_ENABLE_DEBUG_INFO = INCLUDE_SOURCE;
				MTL_FAST_MATH = YES;
				ONLY_ACTIVE_ARCH = YES;
				SDKROOT = iphoneos;
				SWIFT_ACTIVE_COMPILATION_CONDITIONS = DEBUG;
				SWIFT_OPTIMIZATION_LEVEL = "-Onone";
			};
			name = Debug;
		};
		3084FEC523BF63B300DB1D9C /* Release */ = {
			isa = XCBuildConfiguration;
			buildSettings = {
				ALWAYS_SEARCH_USER_PATHS = NO;
				CLANG_ANALYZER_NONNULL = YES;
				CLANG_ANALYZER_NUMBER_OBJECT_CONVERSION = YES_AGGRESSIVE;
				CLANG_CXX_LANGUAGE_STANDARD = "gnu++14";
				CLANG_CXX_LIBRARY = "libc++";
				CLANG_ENABLE_MODULES = YES;
				CLANG_ENABLE_OBJC_ARC = YES;
				CLANG_ENABLE_OBJC_WEAK = YES;
				CLANG_WARN_BLOCK_CAPTURE_AUTORELEASING = YES;
				CLANG_WARN_BOOL_CONVERSION = YES;
				CLANG_WARN_COMMA = YES;
				CLANG_WARN_CONSTANT_CONVERSION = YES;
				CLANG_WARN_DEPRECATED_OBJC_IMPLEMENTATIONS = YES;
				CLANG_WARN_DIRECT_OBJC_ISA_USAGE = YES_ERROR;
				CLANG_WARN_DOCUMENTATION_COMMENTS = YES;
				CLANG_WARN_EMPTY_BODY = YES;
				CLANG_WARN_ENUM_CONVERSION = YES;
				CLANG_WARN_INFINITE_RECURSION = YES;
				CLANG_WARN_INT_CONVERSION = YES;
				CLANG_WARN_NON_LITERAL_NULL_CONVERSION = YES;
				CLANG_WARN_OBJC_IMPLICIT_RETAIN_SELF = YES;
				CLANG_WARN_OBJC_LITERAL_CONVERSION = YES;
				CLANG_WARN_OBJC_ROOT_CLASS = YES_ERROR;
				CLANG_WARN_RANGE_LOOP_ANALYSIS = YES;
				CLANG_WARN_STRICT_PROTOTYPES = YES;
				CLANG_WARN_SUSPICIOUS_MOVE = YES;
				CLANG_WARN_UNGUARDED_AVAILABILITY = YES_AGGRESSIVE;
				CLANG_WARN_UNREACHABLE_CODE = YES;
				CLANG_WARN__DUPLICATE_METHOD_MATCH = YES;
				COPY_PHASE_STRIP = NO;
				DEBUG_INFORMATION_FORMAT = "dwarf-with-dsym";
				ENABLE_NS_ASSERTIONS = NO;
				ENABLE_STRICT_OBJC_MSGSEND = YES;
				GCC_C_LANGUAGE_STANDARD = gnu11;
				GCC_NO_COMMON_BLOCKS = YES;
				GCC_WARN_64_TO_32_BIT_CONVERSION = YES;
				GCC_WARN_ABOUT_RETURN_TYPE = YES_ERROR;
				GCC_WARN_UNDECLARED_SELECTOR = YES;
				GCC_WARN_UNINITIALIZED_AUTOS = YES_AGGRESSIVE;
				GCC_WARN_UNUSED_FUNCTION = YES;
				GCC_WARN_UNUSED_VARIABLE = YES;
				IPHONEOS_DEPLOYMENT_TARGET = 13.1;
				MTL_ENABLE_DEBUG_INFO = NO;
				MTL_FAST_MATH = YES;
				SDKROOT = iphoneos;
				SWIFT_COMPILATION_MODE = wholemodule;
				SWIFT_OPTIMIZATION_LEVEL = "-O";
				VALIDATE_PRODUCT = YES;
			};
			name = Release;
		};
		3084FEC723BF63B300DB1D9C /* Debug */ = {
			isa = XCBuildConfiguration;
			buildSettings = {
				ASSETCATALOG_COMPILER_APPICON_NAME = AppIcon;
				CODE_SIGN_STYLE = Automatic;
				INFOPLIST_FILE = "HW 23 Roman Topchii  iOS 19-2 Who wants to be a millionaire/Info.plist";
				LD_RUNPATH_SEARCH_PATHS = (
					"$(inherited)",
					"@executable_path/Frameworks",
				);
				PRODUCT_BUNDLE_IDENTIFIER = "TR.HW-23-Roman-Topchii--iOS-19-2-Who-wants-to-be-a-millionaire";
				PRODUCT_NAME = "$(TARGET_NAME)";
				SWIFT_VERSION = 5.0;
				TARGETED_DEVICE_FAMILY = "1,2";
			};
			name = Debug;
		};
		3084FEC823BF63B300DB1D9C /* Release */ = {
			isa = XCBuildConfiguration;
			buildSettings = {
				ASSETCATALOG_COMPILER_APPICON_NAME = AppIcon;
				CODE_SIGN_STYLE = Automatic;
				INFOPLIST_FILE = "HW 23 Roman Topchii  iOS 19-2 Who wants to be a millionaire/Info.plist";
				LD_RUNPATH_SEARCH_PATHS = (
					"$(inherited)",
					"@executable_path/Frameworks",
				);
				PRODUCT_BUNDLE_IDENTIFIER = "TR.HW-23-Roman-Topchii--iOS-19-2-Who-wants-to-be-a-millionaire";
				PRODUCT_NAME = "$(TARGET_NAME)";
				SWIFT_VERSION = 5.0;
				TARGETED_DEVICE_FAMILY = "1,2";
			};
			name = Release;
		};
/* End XCBuildConfiguration section */

/* Begin XCConfigurationList section */
		3084FEAD23BF63B000DB1D9C /* Build configuration list for PBXProject "HW 23 Roman Topchii  iOS 19-2 Who wants to be a millionaire" */ = {
			isa = XCConfigurationList;
			buildConfigurations = (
				3084FEC423BF63B300DB1D9C /* Debug */,
				3084FEC523BF63B300DB1D9C /* Release */,
			);
			defaultConfigurationIsVisible = 0;
			defaultConfigurationName = Release;
		};
		3084FEC623BF63B300DB1D9C /* Build configuration list for PBXNativeTarget "HW 23 Roman Topchii  iOS 19-2 Who wants to be a millionaire" */ = {
			isa = XCConfigurationList;
			buildConfigurations = (
				3084FEC723BF63B300DB1D9C /* Debug */,
				3084FEC823BF63B300DB1D9C /* Release */,
			);
			defaultConfigurationIsVisible = 0;
			defaultConfigurationName = Release;
		};
/* End XCConfigurationList section */
	};
	rootObject = 3084FEAA23BF63B000DB1D9C /* Project object */;
}
